
Microsoft Visual Studio Solution File, Format Version 12.00
# Visual Studio 15
VisualStudioVersion = 15.0.27130.2036
MinimumVisualStudioVersion = 10.0.40219.1
Project("{FAE04EC0-301F-11D3-BF4B-00C04F79EFBC}") = "FaceRored", "FaceRored\FaceRored.csproj", "{58352E5F-3104-44B5-9E44-90DD0EF801F3}"
EndProject
Global
	GlobalSection(SolutionConfigurationPlatforms) = preSolution
		Debug|Any CPU = Debug|Any CPU
		Release|Any CPU = Release|Any CPU
	EndGlobalSection
	GlobalSection(ProjectConfigurationPlatforms) = postSolution
		{58352E5F-3104-44B5-9E44-90DD0EF801F3}.Debug|Any CPU.ActiveCfg = Debug|Any CPU
		{58352E5F-3104-44B5-9E44-90DD0EF801F3}.Debug|Any CPU.Build.0 = Debug|Any CPU
		{58352E5F-3104-44B5-9E44-90DD0EF801F3}.Release|Any CPU.ActiveCfg = Release|Any CPU
		{58352E5F-3104-44B5-9E44-90DD0EF801F3}.Release|Any CPU.Build.0 = Release|Any CPU
	EndGlobalSection
	GlobalSection(SolutionProperties) = preSolution
		HideSolutionNode = FALSE
	EndGlobalSection
	GlobalSection(ExtensibilityGlobals) = postSolution
		SolutionGuid = {F3EE5DD9-E80D-4CCD-8292-87A49E89F6C0}
	EndGlobalSection
EndGlobal
